
Microsoft Visual Studio Solution File, Format Version 12.00
# Visual Studio Version 17
VisualStudioVersion = 17.9.34723.18
MinimumVisualStudioVersion = 10.0.40219.1
Project("{FAE04EC0-301F-11D3-BF4B-00C04F79EFBC}") = "UGB", "UGB.csproj", "{53B8E032-EE3D-48D7-ADEE-759D5967B36B}"
EndProject
Global
	GlobalSection(SolutionConfigurationPlatforms) = preSolution
		Debug|Any CPU = Debug|Any CPU
		Release|Any CPU = Release|Any CPU
	EndGlobalSection
	GlobalSection(ProjectConfigurationPlatforms) = postSolution
		{53B8E032-EE3D-48D7-ADEE-759D5967B36B}.Debug|Any CPU.ActiveCfg = Debug|Any CPU
		{53B8E032-EE3D-48D7-ADEE-759D5967B36B}.Debug|Any CPU.Build.0 = Debug|Any CPU
		{53B8E032-EE3D-48D7-ADEE-759D5967B36B}.Release|Any CPU.ActiveCfg = Release|Any CPU
		{53B8E032-EE3D-48D7-ADEE-759D5967B36B}.Release|Any CPU.Build.0 = Release|Any CPU
	EndGlobalSection
	GlobalSection(SolutionProperties) = preSolution
		HideSolutionNode = FALSE
	EndGlobalSection
	GlobalSection(ExtensibilityGlobals) = postSolution
		SolutionGuid = {12F23D78-D7F3-4DEE-BD2C-4578E92BC7DF}
	EndGlobalSection
EndGlobal
